// !$*UTF8*$!
{
	archiveVersion = 1;
	classes = {
	};
	objectVersion = 46;
	objects = {

/* Begin PBXBuildFile section */
		894E54421E12216000E95A1F /* AppDelegate.swift in Sources */ = {isa = PBXBuildFile; fileRef = 894E54411E12216000E95A1F /* AppDelegate.swift */; };
		894E54441E12216000E95A1F /* ViewController.swift in Sources */ = {isa = PBXBuildFile; fileRef = 894E54431E12216000E95A1F /* ViewController.swift */; };
		894E54471E12216000E95A1F /* Main.storyboard in Resources */ = {isa = PBXBuildFile; fileRef = 894E54451E12216000E95A1F /* Main.storyboard */; };
		894E54491E12216000E95A1F /* Assets.xcassets in Resources */ = {isa = PBXBuildFile; fileRef = 894E54481E12216000E95A1F /* Assets.xcassets */; };
		894E544C1E12216000E95A1F /* LaunchScreen.storyboard in Resources */ = {isa = PBXBuildFile; fileRef = 894E544A1E12216000E95A1F /* LaunchScreen.storyboard */; };
/* End PBXBuildFile section */

/* Begin PBXFileReference section */
		894E543E1E12216000E95A1F /* Elements View.app */ = {isa = PBXFileReference; explicitFileType = wrapper.application; includeInIndex = 0; path = "Elements View.app"; sourceTree = BUILT_PRODUCTS_DIR; };
		894E54411E12216000E95A1F /* AppDelegate.swift */ = {isa = PBXFileReference; lastKnownFileType = sourcecode.swift; path = AppDelegate.swift; sourceTree = "<group>"; };
		894E54431E12216000E95A1F /* ViewController.swift */ = {isa = PBXFileReference; lastKnownFileType = sourcecode.swift; path = ViewController.swift; sourceTree = "<group>"; };
		894E54461E12216000E95A1F /* Base */ = {isa = PBXFileReference; lastKnownFileType = file.storyboard; name = Base; path = Base.lproj/Main.storyboard; sourceTree = "<group>"; };
		894E54481E12216000E95A1F /* Assets.xcassets */ = {isa = PBXFileReference; lastKnownFileType = folder.assetcatalog; path = Assets.xcassets; sourceTree = "<group>"; };
		894E544B1E12216000E95A1F /* Base */ = {isa = PBXFileReference; lastKnownFileType = file.storyboard; name = Base; path = Base.lproj/LaunchScreen.storyboard; sourceTree = "<group>"; };
		894E544D1E12216000E95A1F /* Info.plist */ = {isa = PBXFileReference; lastKnownFileType = text.plist.xml; path = Info.plist; sourceTree = "<group>"; };
/* End PBXFileReference section */

/* Begin PBXFrameworksBuildPhase section */
		894E543B1E12216000E95A1F /* Frameworks */ = {
			isa = PBXFrameworksBuildPhase;
			buildActionMask = 2147483647;
			files = (
			);
			runOnlyForDeploymentPostprocessing = 0;
		};
/* End PBXFrameworksBuildPhase section */

/* Begin PBXGroup section */
		894E54351E12216000E95A1F = {
			isa = PBXGroup;
			children = (
				894E54401E12216000E95A1F /* Elements View */,
				894E543F1E12216000E95A1F /* Products */,
			);
			sourceTree = "<group>";
		};
		894E543F1E12216000E95A1F /* Products */ = {
			isa = PBXGroup;
			children = (
				894E543E1E12216000E95A1F /* Elements View.app */,
			);
			name = Products;
			sourceTree = "<group>";
		};
		894E54401E12216000E95A1F /* Elements View */ = {
			isa = PBXGroup;
			children = (
				894E54411E12216000E95A1F /* AppDelegate.swift */,
				894E54431E12216000E95A1F /* ViewController.swift */,
				894E54451E12216000E95A1F /* Main.storyboard */,
				894E54481E12216000E95A1F /* Assets.xcassets */,
				894E544A1E12216000E95A1F /* LaunchScreen.storyboard */,
				894E544D1E12216000E95A1F /* Info.plist */,
			);
			path = "Elements View";
			sourceTree = "<group>";
		};
/* End PBXGroup section */

/* Begin PBXNativeTarget section */
		894E543D1E12216000E95A1F /* Elements View */ = {
			isa = PBXNativeTarget;
			buildConfigurationList = 894E54501E12216000E95A1F /* Build configuration list for PBXNativeTarget "Elements View" */;
			buildPhases = (
				894E543A1E12216000E95A1F /* Sources */,
				894E543B1E12216000E95A1F /* Frameworks */,
				894E543C1E12216000E95A1F /* Resources */,
			);
			buildRules = (
			);
			dependencies = (
			);
			name = "Elements View";
			productName = "Elements View";
			productReference = 894E543E1E12216000E95A1F /* Elements View.app */;
			productType = "com.apple.product-type.application";
		};
/* End PBXNativeTarget section */

/* Begin PBXProject section */
		894E54361E12216000E95A1F /* Project object */ = {
			isa = PBXProject;
			attributes = {
				LastSwiftUpdateCheck = 0800;
				LastUpgradeCheck = 0800;
				ORGANIZATIONNAME = "Richard Chiang";
				TargetAttributes = {
					894E543D1E12216000E95A1F = {
						CreatedOnToolsVersion = 8.0;
						ProvisioningStyle = Automatic;
					};
				};
			};
			buildConfigurationList = 894E54391E12216000E95A1F /* Build configuration list for PBXProject "Elements View" */;
			compatibilityVersion = "Xcode 3.2";
			developmentRegion = English;
			hasScannedForEncodings = 0;
			knownRegions = (
				en,
				Base,
			);
			mainGroup = 894E54351E12216000E95A1F;
			productRefGroup = 894E543F1E12216000E95A1F /* Products */;
			projectDirPath = "";
			projectRoot = "";
			targets = (
				894E543D1E12216000E95A1F /* Elements View */,
			);
		};
/* End PBXProject section */

/* Begin PBXResourcesBuildPhase section */
		894E543C1E12216000E95A1F /* Resources */ = {
			isa = PBXResourcesBuildPhase;
			buildActionMask = 2147483647;
			files = (
				894E544C1E12216000E95A1F /* LaunchScreen.storyboard in Resources */,
				894E54491E12216000E95A1F /* Assets.xcassets in Resources */,
				894E54471E12216000E95A1F /* Main.storyboard in Resources */,
			);
			runOnlyForDeploymentPostprocessing = 0;
		};
/* End PBXResourcesBuildPhase section */

/* Begin PBXSourcesBuildPhase section */
		894E543A1E12216000E95A1F /* Sources */ = {
			isa = PBXSourcesBuildPhase;
			buildActionMask = 2147483647;
			files = (
				894E54441E12216000E95A1F /* ViewController.swift in Sources */,
				894E54421E12216000E95A1F /* AppDelegate.swift in Sources */,
			);
			runOnlyForDeploymentPostprocessing = 0;
		};
/* End PBXSourcesBuildPhase section */

/* Begin PBXVariantGroup section */
		894E54451E12216000E95A1F /* Main.storyboard */ = {
			isa = PBXVariantGroup;
			children = (
				894E54461E12216000E95A1F /* Base */,
			);
			name = Main.storyboard;
			sourceTree = "<group>";
		};
		894E544A1E12216000E95A1F /* LaunchScreen.storyboard */ = {
			isa = PBXVariantGroup;
			children = (
				894E544B1E12216000E95A1F /* Base */,
			);
			name = LaunchScreen.storyboard;
			sourceTree = "<group>";
		};
/* End PBXVariantGroup section */

/* Begin XCBuildConfiguration section */
		894E544E1E12216000E95A1F /* Debug */ = {
			isa = XCBuildConfiguration;
			buildSettings = {
				ALWAYS_SEARCH_USER_PATHS = NO;
				CLANG_ANALYZER_NONNULL = YES;
				CLANG_CXX_LANGUAGE_STANDARD = "gnu++0x";
				CLANG_CXX_LIBRARY = "libc++";
				CLANG_ENABLE_MODULES = YES;
				CLANG_ENABLE_OBJC_ARC = YES;
				CLANG_WARN_BOOL_CONVERSION = YES;
				CLANG_WARN_CONSTANT_CONVERSION = YES;
				CLANG_WARN_DIRECT_OBJC_ISA_USAGE = YES_ERROR;
				CLANG_WARN_DOCUMENTATION_COMMENTS = YES;
				CLANG_WARN_EMPTY_BODY = YES;
				CLANG_WARN_ENUM_CONVERSION = YES;
				CLANG_WARN_INFINITE_RECURSION = YES;
				CLANG_WARN_INT_CONVERSION = YES;
				CLANG_WARN_OBJC_ROOT_CLASS = YES_ERROR;
				CLANG_WARN_SUSPICIOUS_MOVES = YES;
				CLANG_WARN_UNREACHABLE_CODE = YES;
				CLANG_WARN__DUPLICATE_METHOD_MATCH = YES;
				"CODE_SIGN_IDENTITY[sdk=iphoneos*]" = "iPhone Developer";
				COPY_PHASE_STRIP = NO;
				DEBUG_INFORMATION_FORMAT = dwarf;
				ENABLE_STRICT_OBJC_MSGSEND = YES;
				ENABLE_TESTABILITY = YES;
				GCC_C_LANGUAGE_STANDARD = gnu99;
				GCC_DYNAMIC_NO_PIC = NO;
				GCC_NO_COMMON_BLOCKS = YES;
				GCC_OPTIMIZATION_LEVEL = 0;
				GCC_PREPROCESSOR_DEFINITIONS = (
					"DEBUG=1",
					"$(inherited)",
				);
				GCC_WARN_64_TO_32_BIT_CONVERSION = YES;
				GCC_WARN_ABOUT_RETURN_TYPE = YES_ERROR;
				GCC_WARN_UNDECLARED_SELECTOR = YES;
				GCC_WARN_UNINITIALIZED_AUTOS = YES_AGGRESSIVE;
				GCC_WARN_UNUSED_FUNCTION = YES;
				GCC_WARN_UNUSED_VARIABLE = YES;
				IPHONEOS_DEPLOYMENT_TARGET = 10.0;
				MTL_ENABLE_DEBUG_INFO = YES;
				ONLY_ACTIVE_ARCH = YES;
				SDKROOT = iphoneos;
				SWIFT_ACTIVE_COMPILATION_CONDITIONS = DEBUG;
				SWIFT_OPTIMIZATION_LEVEL = "-Onone";
				TARGETED_DEVICE_FAMILY = "1,2";
			};
			name = Debug;
		};
		894E544F1E12216000E95A1F /* Release */ = {
			isa = XCBuildConfiguration;
			buildSettings = {
				ALWAYS_SEARCH_USER_PATHS = NO;
				CLANG_ANALYZER_NONNULL = YES;
				CLANG_CXX_LANGUAGE_STANDARD = "gnu++0x";
				CLANG_CXX_LIBRARY = "libc++";
				CLANG_ENABLE_MODULES = YES;
				CLANG_ENABLE_OBJC_ARC = YES;
				CLANG_WARN_BOOL_CONVERSION = YES;
				CLANG_WARN_CONSTANT_CONVERSION = YES;
				CLANG_WARN_DIRECT_OBJC_ISA_USAGE = YES_ERROR;
				CLANG_WARN_DOCUMENTATION_COMMENTS = YES;
				CLANG_WARN_EMPTY_BODY = YES;
				CLANG_WARN_ENUM_CONVERSION = YES;
				CLANG_WARN_INFINITE_RECURSION = YES;
				CLANG_WARN_INT_CONVERSION = YES;
				CLANG_WARN_OBJC_ROOT_CLASS = YES_ERROR;
				CLANG_WARN_SUSPICIOUS_MOVES = YES;
				CLANG_WARN_UNREACHABLE_CODE = YES;
				CLANG_WARN__DUPLICATE_METHOD_MATCH = YES;
				"CODE_SIGN_IDENTITY[sdk=iphoneos*]" = "iPhone Developer";
				COPY_PHASE_STRIP = NO;
				DEBUG_INFORMATION_FORMAT = "dwarf-with-dsym";
				ENABLE_NS_ASSERTIONS = NO;
				ENABLE_STRICT_OBJC_MSGSEND = YES;
				GCC_C_LANGUAGE_STANDARD = gnu99;
				GCC_NO_COMMON_BLOCKS = YES;
				GCC_WARN_64_TO_32_BIT_CONVERSION = YES;
				GCC_WARN_ABOUT_RETURN_TYPE = YES_ERROR;
				GCC_WARN_UNDECLARED_SELECTOR = YES;
				GCC_WARN_UNINITIALIZED_AUTOS = YES_AGGRESSIVE;
				GCC_WARN_UNUSED_FUNCTION = YES;
				GCC_WARN_UNUSED_VARIABLE = YES;
				IPHONEOS_DEPLOYMENT_TARGET = 10.0;
				MTL_ENABLE_DEBUG_INFO = NO;
				SDKROOT = iphoneos;
				SWIFT_OPTIMIZATION_LEVEL = "-Owholemodule";
				TARGETED_DEVICE_FAMILY = "1,2";
				VALIDATE_PRODUCT = YES;
			};
			name = Release;
		};
		894E54511E12216000E95A1F /* Debug */ = {
			isa = XCBuildConfiguration;
			buildSettings = {
				ASSETCATALOG_COMPILER_APPICON_NAME = AppIcon;
				INFOPLIST_FILE = "Elements View/Info.plist";
				LD_RUNPATH_SEARCH_PATHS = "$(inherited) @executable_path/Frameworks";
				PRODUCT_BUNDLE_IDENTIFIER = "com.richardchiang.Elements-View";
				PRODUCT_NAME = "$(TARGET_NAME)";
				SWIFT_VERSION = 3.0;
			};
			name = Debug;
		};
		894E54521E12216000E95A1F /* Release */ = {
			isa = XCBuildConfiguration;
			buildSettings = {
				ASSETCATALOG_COMPILER_APPICON_NAME = AppIcon;
				INFOPLIST_FILE = "Elements View/Info.plist";
				LD_RUNPATH_SEARCH_PATHS = "$(inherited) @executable_path/Frameworks";
				PRODUCT_BUNDLE_IDENTIFIER = "com.richardchiang.Elements-View";
				PRODUCT_NAME = "$(TARGET_NAME)";
				SWIFT_VERSION = 3.0;
			};
			name = Release;
		};
/* End XCBuildConfiguration section */

/* Begin XCConfigurationList section */
		894E54391E12216000E95A1F /* Build configuration list for PBXProject "Elements View" */ = {
			isa = XCConfigurationList;
			buildConfigurations = (
				894E544E1E12216000E95A1F /* Debug */,
				894E544F1E12216000E95A1F /* Release */,
			);
			defaultConfigurationIsVisible = 0;
			defaultConfigurationName = Release;
		};
		894E54501E12216000E95A1F /* Build configuration list for PBXNativeTarget "Elements View" */ = {
			isa = XCConfigurationList;
			buildConfigurations = (
				894E54511E12216000E95A1F /* Debug */,
				894E54521E12216000E95A1F /* Release */,
			);
			defaultConfigurationIsVisible = 0;
		};
/* End XCConfigurationList section */
	};
	rootObject = 894E54361E12216000E95A1F /* Project object */;
}
